
Microsoft Visual Studio Solution File, Format Version 12.00
# Visual Studio Version 18
VisualStudioVersion = 18.0.11018.127
MinimumVisualStudioVersion = 10.0.40219.1
Project("{2150E333-8FDC-42A3-9474-1A3956D46DE8}") = "src", "src", "{02EA681E-C7D8-13C7-8484-4AC65E1B71E8}"
EndProject
Project("{FAE04EC0-301F-11D3-BF4B-00C04F79EFBC}") = "EasyAccountingAPI.Shared", "src\EasyAccountingAPI.Shared\EasyAccountingAPI.Shared.csproj", "{F676DDDB-4C10-4B4F-A20A-8A99F4C0F99F}"
EndProject
Project("{2150E333-8FDC-42A3-9474-1A3956D46DE8}") = "Solution Items", "Solution Items", "{3787569A-F192-409E-9A2C-C7BD70EBF5B5}"
	ProjectSection(SolutionItems) = preProject
		.editorconfig = .editorconfig
	EndProjectSection
EndProject
Project("{FAE04EC0-301F-11D3-BF4B-00C04F79EFBC}") = "EasyAccountingAPI.Model", "src\EasyAccountingAPI.Model\EasyAccountingAPI.Model.csproj", "{B37BF871-97B7-4B12-8516-E562EAB84156}"
EndProject
Project("{FAE04EC0-301F-11D3-BF4B-00C04F79EFBC}") = "EasyAccountingAPI.Database", "src\EasyAccountingAPI.Database\EasyAccountingAPI.Database.csproj", "{1C940493-AE7A-40F6-BB1C-C9F11C1D627C}"
EndProject
Project("{FAE04EC0-301F-11D3-BF4B-00C04F79EFBC}") = "EasyAccountingAPI.Repository", "src\EasyAccountingAPI.Repository\EasyAccountingAPI.Repository.csproj", "{C71D7650-5664-48E4-92E4-D9F7DF03C679}"
EndProject
Project("{FAE04EC0-301F-11D3-BF4B-00C04F79EFBC}") = "EasyAccountingAPI.Manager", "src\EasyAccountingAPI.Manager\EasyAccountingAPI.Manager.csproj", "{6934BDA1-F383-4CC4-B358-2B1900B3C41C}"
EndProject
Project("{FAE04EC0-301F-11D3-BF4B-00C04F79EFBC}") = "EasyAccountingAPI.Application", "src\EasyAccountingAPI.Application\EasyAccountingAPI.Application.csproj", "{062DF5D8-E1D6-42F2-A875-FA7EDD91D634}"
EndProject
Project("{FAE04EC0-301F-11D3-BF4B-00C04F79EFBC}") = "EasyAccountingAPI", "src\EasyAccountingAPI\EasyAccountingAPI.csproj", "{A29981B0-2055-4EBB-9619-F6D00ECB801A}"
EndProject
Global
	GlobalSection(SolutionConfigurationPlatforms) = preSolution
		Debug|Any CPU = Debug|Any CPU
		Release|Any CPU = Release|Any CPU
	EndGlobalSection
	GlobalSection(ProjectConfigurationPlatforms) = postSolution
		{F676DDDB-4C10-4B4F-A20A-8A99F4C0F99F}.Debug|Any CPU.ActiveCfg = Debug|Any CPU
		{F676DDDB-4C10-4B4F-A20A-8A99F4C0F99F}.Debug|Any CPU.Build.0 = Debug|Any CPU
		{F676DDDB-4C10-4B4F-A20A-8A99F4C0F99F}.Release|Any CPU.ActiveCfg = Release|Any CPU
		{F676DDDB-4C10-4B4F-A20A-8A99F4C0F99F}.Release|Any CPU.Build.0 = Release|Any CPU
		{B37BF871-97B7-4B12-8516-E562EAB84156}.Debug|Any CPU.ActiveCfg = Debug|Any CPU
		{B37BF871-97B7-4B12-8516-E562EAB84156}.Debug|Any CPU.Build.0 = Debug|Any CPU
		{B37BF871-97B7-4B12-8516-E562EAB84156}.Release|Any CPU.ActiveCfg = Release|Any CPU
		{B37BF871-97B7-4B12-8516-E562EAB84156}.Release|Any CPU.Build.0 = Release|Any CPU
		{1C940493-AE7A-40F6-BB1C-C9F11C1D627C}.Debug|Any CPU.ActiveCfg = Debug|Any CPU
		{1C940493-AE7A-40F6-BB1C-C9F11C1D627C}.Debug|Any CPU.Build.0 = Debug|Any CPU
		{1C940493-AE7A-40F6-BB1C-C9F11C1D627C}.Release|Any CPU.ActiveCfg = Release|Any CPU
		{1C940493-AE7A-40F6-BB1C-C9F11C1D627C}.Release|Any CPU.Build.0 = Release|Any CPU
		{C71D7650-5664-48E4-92E4-D9F7DF03C679}.Debug|Any CPU.ActiveCfg = Debug|Any CPU
		{C71D7650-5664-48E4-92E4-D9F7DF03C679}.Debug|Any CPU.Build.0 = Debug|Any CPU
		{C71D7650-5664-48E4-92E4-D9F7DF03C679}.Release|Any CPU.ActiveCfg = Release|Any CPU
		{C71D7650-5664-48E4-92E4-D9F7DF03C679}.Release|Any CPU.Build.0 = Release|Any CPU
		{6934BDA1-F383-4CC4-B358-2B1900B3C41C}.Debug|Any CPU.ActiveCfg = Debug|Any CPU
		{6934BDA1-F383-4CC4-B358-2B1900B3C41C}.Debug|Any CPU.Build.0 = Debug|Any CPU
		{6934BDA1-F383-4CC4-B358-2B1900B3C41C}.Release|Any CPU.ActiveCfg = Release|Any CPU
		{6934BDA1-F383-4CC4-B358-2B1900B3C41C}.Release|Any CPU.Build.0 = Release|Any CPU
		{062DF5D8-E1D6-42F2-A875-FA7EDD91D634}.Debug|Any CPU.ActiveCfg = Debug|Any CPU
		{062DF5D8-E1D6-42F2-A875-FA7EDD91D634}.Debug|Any CPU.Build.0 = Debug|Any CPU
		{062DF5D8-E1D6-42F2-A875-FA7EDD91D634}.Release|Any CPU.ActiveCfg = Release|Any CPU
		{062DF5D8-E1D6-42F2-A875-FA7EDD91D634}.Release|Any CPU.Build.0 = Release|Any CPU
		{A29981B0-2055-4EBB-9619-F6D00ECB801A}.Debug|Any CPU.ActiveCfg = Debug|Any CPU
		{A29981B0-2055-4EBB-9619-F6D00ECB801A}.Debug|Any CPU.Build.0 = Debug|Any CPU
		{A29981B0-2055-4EBB-9619-F6D00ECB801A}.Release|Any CPU.ActiveCfg = Release|Any CPU
		{A29981B0-2055-4EBB-9619-F6D00ECB801A}.Release|Any CPU.Build.0 = Release|Any CPU
	EndGlobalSection
	GlobalSection(SolutionProperties) = preSolution
		HideSolutionNode = FALSE
	EndGlobalSection
	GlobalSection(NestedProjects) = preSolution
		{F676DDDB-4C10-4B4F-A20A-8A99F4C0F99F} = {02EA681E-C7D8-13C7-8484-4AC65E1B71E8}
		{B37BF871-97B7-4B12-8516-E562EAB84156} = {02EA681E-C7D8-13C7-8484-4AC65E1B71E8}
		{1C940493-AE7A-40F6-BB1C-C9F11C1D627C} = {02EA681E-C7D8-13C7-8484-4AC65E1B71E8}
		{C71D7650-5664-48E4-92E4-D9F7DF03C679} = {02EA681E-C7D8-13C7-8484-4AC65E1B71E8}
		{6934BDA1-F383-4CC4-B358-2B1900B3C41C} = {02EA681E-C7D8-13C7-8484-4AC65E1B71E8}
		{062DF5D8-E1D6-42F2-A875-FA7EDD91D634} = {02EA681E-C7D8-13C7-8484-4AC65E1B71E8}
		{A29981B0-2055-4EBB-9619-F6D00ECB801A} = {02EA681E-C7D8-13C7-8484-4AC65E1B71E8}
	EndGlobalSection
	GlobalSection(ExtensibilityGlobals) = postSolution
		SolutionGuid = {BC76EAD6-7FA0-423E-9AB4-F5BC59F984D9}
	EndGlobalSection
EndGlobal
